
Microsoft Visual Studio Solution File, Format Version 12.00
# Visual Studio Version 17
VisualStudioVersion = 17.9.34728.123
MinimumVisualStudioVersion = 10.0.40219.1
Project("{FAE04EC0-301F-11D3-BF4B-00C04F79EFBC}") = "UI_01_BASIC_MVVM", "UI_01_BASIC_MVVM.csproj", "{E5E07BF2-DDA3-4A2A-9406-AF47BDB313C0}"
EndProject
Global
	GlobalSection(SolutionConfigurationPlatforms) = preSolution
		Debug|Any CPU = Debug|Any CPU
		Release|Any CPU = Release|Any CPU
	EndGlobalSection
	GlobalSection(ProjectConfigurationPlatforms) = postSolution
		{E5E07BF2-DDA3-4A2A-9406-AF47BDB313C0}.Debug|Any CPU.ActiveCfg = Debug|Any CPU
		{E5E07BF2-DDA3-4A2A-9406-AF47BDB313C0}.Debug|Any CPU.Build.0 = Debug|Any CPU
		{E5E07BF2-DDA3-4A2A-9406-AF47BDB313C0}.Release|Any CPU.ActiveCfg = Release|Any CPU
		{E5E07BF2-DDA3-4A2A-9406-AF47BDB313C0}.Release|Any CPU.Build.0 = Release|Any CPU
	EndGlobalSection
	GlobalSection(SolutionProperties) = preSolution
		HideSolutionNode = FALSE
	EndGlobalSection
	GlobalSection(ExtensibilityGlobals) = postSolution
		SolutionGuid = {F521F7C4-DC07-44FD-A693-145E3A691D3E}
	EndGlobalSection
EndGlobal
